<?xml version="1.0" encoding="utf-8"?>
<Project ToolsVersion="4.0" xmlns="http://schemas.microsoft.com/developer/msbuild/2003">
  <ItemGroup>
    <Filter Include="Source Files">
      <UniqueIdentifier>{968ccf2f-c727-4783-a4fa-9126d3f35865}</UniqueIdentifier>
    </Filter>
    <Filter Include="Generated Files">
      <UniqueIdentifier>{217f44f8-c27e-4e6b-bf23-f41767026ca0}</UniqueIdentifier>
      <SourceControlFiles>False</SourceControlFiles>
    </Filter>
  </ItemGroup>
  <ItemGroup>
    <None Include="ATEDataTypeLibps.def" />
  </ItemGroup>
  <ItemGroup>
    <ClCompile Include="ATEDataTypeLib_i.c">
      <Filter>Generated Files</Filter>
    </ClCompile>
    <ClCompile Include="ATEDataTypeLib_p.c">
      <Filter>Generated Files</Filter>
    </ClCompile>
    <ClCompile Include="dlldata.c">
      <Filter>Generated Files</Filter>
    </ClCompile>
  </ItemGroup>
</Project>